
Microsoft Visual Studio Solution File, Format Version 12.00
# Visual Studio Version 16
VisualStudioVersion = 16.0.30907.101
MinimumVisualStudioVersion = 10.0.40219.1
Project("{9A19103F-16F7-4668-BE54-9A1E7A4F7556}") = "ColetaB3", "ColetaB3\ColetaB3.csproj", "{B7CE55D4-F871-4FF5-98FF-FBC332F6EFF0}"
EndProject
Project("{FAE04EC0-301F-11D3-BF4B-00C04F79EFBC}") = "ColetaB3Test", "ColetaB3Test\ColetaB3Test.csproj", "{EEBD13CF-494F-4281-9FE1-5B26EF9CC125}"
EndProject
Global
	GlobalSection(SolutionConfigurationPlatforms) = preSolution
		Debug|Any CPU = Debug|Any CPU
		Release|Any CPU = Release|Any CPU
	EndGlobalSection
	GlobalSection(ProjectConfigurationPlatforms) = postSolution
		{B7CE55D4-F871-4FF5-98FF-FBC332F6EFF0}.Debug|Any CPU.ActiveCfg = Debug|Any CPU
		{B7CE55D4-F871-4FF5-98FF-FBC332F6EFF0}.Debug|Any CPU.Build.0 = Debug|Any CPU
		{B7CE55D4-F871-4FF5-98FF-FBC332F6EFF0}.Release|Any CPU.ActiveCfg = Release|Any CPU
		{B7CE55D4-F871-4FF5-98FF-FBC332F6EFF0}.Release|Any CPU.Build.0 = Release|Any CPU
		{EEBD13CF-494F-4281-9FE1-5B26EF9CC125}.Debug|Any CPU.ActiveCfg = Debug|Any CPU
		{EEBD13CF-494F-4281-9FE1-5B26EF9CC125}.Debug|Any CPU.Build.0 = Debug|Any CPU
		{EEBD13CF-494F-4281-9FE1-5B26EF9CC125}.Release|Any CPU.ActiveCfg = Release|Any CPU
		{EEBD13CF-494F-4281-9FE1-5B26EF9CC125}.Release|Any CPU.Build.0 = Release|Any CPU
	EndGlobalSection
	GlobalSection(SolutionProperties) = preSolution
		HideSolutionNode = FALSE
	EndGlobalSection
	GlobalSection(ExtensibilityGlobals) = postSolution
		SolutionGuid = {B3FE9E43-4931-4784-B718-4A6C37B30496}
	EndGlobalSection
EndGlobal
